
Microsoft Visual Studio Solution File, Format Version 12.00
# Visual Studio Version 17
VisualStudioVersion = 17.0.31903.59
MinimumVisualStudioVersion = 10.0.40219.1
Project("{2150E333-8FDC-42A3-9474-1A3956D46DE8}") = "src", "src", "{D27FC398-A542-46F4-A335-C6D1A7C73F36}"
EndProject
Project("{9A19103F-16F7-4668-BE54-9A1E7A4F7556}") = "RailwayResult", "src\RailwayResult\RailwayResult.csproj", "{C290883E-72EC-433E-BB3F-83B58381F9FF}"
EndProject
Project("{2150E333-8FDC-42A3-9474-1A3956D46DE8}") = "tests", "tests", "{9AF71DD6-A91C-429D-9E17-91DB64571176}"
EndProject
Project("{9A19103F-16F7-4668-BE54-9A1E7A4F7556}") = "RailwayResult.Tests", "tests\RailwayResult.Tests\RailwayResult.Tests.csproj", "{BF48CBB9-7B8A-4376-9094-D71B093E0660}"
EndProject
Project("{2150E333-8FDC-42A3-9474-1A3956D46DE8}") = "Solution Items", "Solution Items", "{A8011620-9912-4139-B2A2-72C334F2DB82}"
	ProjectSection(SolutionItems) = preProject
		.editorconfig = .editorconfig
		Directory.Build.props = Directory.Build.props
		Directory.Packages.props = Directory.Packages.props
	EndProjectSection
EndProject
Global
	GlobalSection(SolutionConfigurationPlatforms) = preSolution
		Debug|Any CPU = Debug|Any CPU
		Release|Any CPU = Release|Any CPU
	EndGlobalSection
	GlobalSection(ProjectConfigurationPlatforms) = postSolution
		{C290883E-72EC-433E-BB3F-83B58381F9FF}.Debug|Any CPU.ActiveCfg = Debug|Any CPU
		{C290883E-72EC-433E-BB3F-83B58381F9FF}.Debug|Any CPU.Build.0 = Debug|Any CPU
		{C290883E-72EC-433E-BB3F-83B58381F9FF}.Release|Any CPU.ActiveCfg = Release|Any CPU
		{C290883E-72EC-433E-BB3F-83B58381F9FF}.Release|Any CPU.Build.0 = Release|Any CPU
		{BF48CBB9-7B8A-4376-9094-D71B093E0660}.Debug|Any CPU.ActiveCfg = Debug|Any CPU
		{BF48CBB9-7B8A-4376-9094-D71B093E0660}.Debug|Any CPU.Build.0 = Debug|Any CPU
		{BF48CBB9-7B8A-4376-9094-D71B093E0660}.Release|Any CPU.ActiveCfg = Release|Any CPU
		{BF48CBB9-7B8A-4376-9094-D71B093E0660}.Release|Any CPU.Build.0 = Release|Any CPU
	EndGlobalSection
	GlobalSection(SolutionProperties) = preSolution
		HideSolutionNode = FALSE
	EndGlobalSection
	GlobalSection(NestedProjects) = preSolution
		{C290883E-72EC-433E-BB3F-83B58381F9FF} = {D27FC398-A542-46F4-A335-C6D1A7C73F36}
		{BF48CBB9-7B8A-4376-9094-D71B093E0660} = {9AF71DD6-A91C-429D-9E17-91DB64571176}
	EndGlobalSection
	GlobalSection(ExtensibilityGlobals) = postSolution
		SolutionGuid = {54E35DCC-CE9C-4B2C-A050-D7E86E862BDD}
	EndGlobalSection
EndGlobal
